
Microsoft Visual Studio Solution File, Format Version 12.00
# Visual Studio Version 17
VisualStudioVersion = 17.10.35122.118
MinimumVisualStudioVersion = 10.0.40219.1
Project("{9A19103F-16F7-4668-BE54-9A1E7A4F7556}") = "JobCandidate.Api", "JobCandidate\JobCandidate.Api.csproj", "{9C515FEB-26E6-47D7-8899-2EDC8AE4F459}"
EndProject
Project("{9A19103F-16F7-4668-BE54-9A1E7A4F7556}") = "JobCandidate.Core", "JobCandidate.Core\JobCandidate.Core.csproj", "{BF783C41-7E4E-4332-BA28-C7AAC8032304}"
EndProject
Project("{2150E333-8FDC-42A3-9474-1A3956D46DE8}") = "Core", "Core", "{B3C04EE0-8949-4BC8-9E19-14487FCEB30D}"
EndProject
Project("{2150E333-8FDC-42A3-9474-1A3956D46DE8}") = "Infrastructure", "Infrastructure", "{0621FA40-D7F8-4A98-9C1B-461FDBBAC7DF}"
EndProject
Project("{9A19103F-16F7-4668-BE54-9A1E7A4F7556}") = "JobCandidate.Infrastructure", "JobCandidate.Infrastructure\JobCandidate.Infrastructure.csproj", "{171E25CD-516E-42E8-A760-C7A53D180F40}"
EndProject
Project("{FAE04EC0-301F-11D3-BF4B-00C04F79EFBC}") = "JobCandidate.Tests", "JobCandidate.Tests\JobCandidate.Tests.csproj", "{AA711C9B-3924-40D1-BDA1-7186C9268391}"
EndProject
Global
	GlobalSection(SolutionConfigurationPlatforms) = preSolution
		Debug|Any CPU = Debug|Any CPU
		Release|Any CPU = Release|Any CPU
	EndGlobalSection
	GlobalSection(ProjectConfigurationPlatforms) = postSolution
		{9C515FEB-26E6-47D7-8899-2EDC8AE4F459}.Debug|Any CPU.ActiveCfg = Debug|Any CPU
		{9C515FEB-26E6-47D7-8899-2EDC8AE4F459}.Debug|Any CPU.Build.0 = Debug|Any CPU
		{9C515FEB-26E6-47D7-8899-2EDC8AE4F459}.Release|Any CPU.ActiveCfg = Release|Any CPU
		{9C515FEB-26E6-47D7-8899-2EDC8AE4F459}.Release|Any CPU.Build.0 = Release|Any CPU
		{BF783C41-7E4E-4332-BA28-C7AAC8032304}.Debug|Any CPU.ActiveCfg = Debug|Any CPU
		{BF783C41-7E4E-4332-BA28-C7AAC8032304}.Debug|Any CPU.Build.0 = Debug|Any CPU
		{BF783C41-7E4E-4332-BA28-C7AAC8032304}.Release|Any CPU.ActiveCfg = Release|Any CPU
		{BF783C41-7E4E-4332-BA28-C7AAC8032304}.Release|Any CPU.Build.0 = Release|Any CPU
		{171E25CD-516E-42E8-A760-C7A53D180F40}.Debug|Any CPU.ActiveCfg = Debug|Any CPU
		{171E25CD-516E-42E8-A760-C7A53D180F40}.Debug|Any CPU.Build.0 = Debug|Any CPU
		{171E25CD-516E-42E8-A760-C7A53D180F40}.Release|Any CPU.ActiveCfg = Release|Any CPU
		{171E25CD-516E-42E8-A760-C7A53D180F40}.Release|Any CPU.Build.0 = Release|Any CPU
		{AA711C9B-3924-40D1-BDA1-7186C9268391}.Debug|Any CPU.ActiveCfg = Debug|Any CPU
		{AA711C9B-3924-40D1-BDA1-7186C9268391}.Debug|Any CPU.Build.0 = Debug|Any CPU
		{AA711C9B-3924-40D1-BDA1-7186C9268391}.Release|Any CPU.ActiveCfg = Release|Any CPU
		{AA711C9B-3924-40D1-BDA1-7186C9268391}.Release|Any CPU.Build.0 = Release|Any CPU
	EndGlobalSection
	GlobalSection(SolutionProperties) = preSolution
		HideSolutionNode = FALSE
	EndGlobalSection
	GlobalSection(NestedProjects) = preSolution
		{BF783C41-7E4E-4332-BA28-C7AAC8032304} = {B3C04EE0-8949-4BC8-9E19-14487FCEB30D}
		{171E25CD-516E-42E8-A760-C7A53D180F40} = {0621FA40-D7F8-4A98-9C1B-461FDBBAC7DF}
	EndGlobalSection
	GlobalSection(ExtensibilityGlobals) = postSolution
		SolutionGuid = {BE0D88A5-8DCC-496C-8596-F1212882A2E0}
	EndGlobalSection
EndGlobal
